Microsoft Visual Studio Solution File, Format Version 11.00
# Visual Studio 2008

Project("{AB8858EB-941A-E33C-DF88-A0444307E935}") = "Oilin", "Assembly-CSharp-firstpass-vs.csproj", "{3F29374F-1FE5-65FE-9B4F-4BC044FD8C83}"
EndProject
Project("{AB8858EB-941A-E33C-DF88-A0444307E935}") = "Oilin", "Assembly-CSharp-vs.csproj", "{4C6D3997-E4EA-A1A2-E6F1-D3E754A9828C}"
EndProject
Project("{AB8858EB-941A-E33C-DF88-A0444307E935}") = "Oilin", "Assembly-CSharp-Editor-vs.csproj", "{33A333DD-D068-182C-C0DA-5DAD1E8F49FD}"
EndProject
Global
	GlobalSection(SolutionConfigurationPlatforms) = preSolution
		Debug|Any CPU = Debug|Any CPU
		Release|Any CPU = Release|Any CPU
	EndGlobalSection
	GlobalSection(ProjectConfigurationPlatforms) = postSolution
		{3F29374F-1FE5-65FE-9B4F-4BC044FD8C83}.Debug|Any CPU.ActiveCfg = Debug|Any CPU
		{3F29374F-1FE5-65FE-9B4F-4BC044FD8C83}.Debug|Any CPU.Build.0 = Debug|Any CPU
		{3F29374F-1FE5-65FE-9B4F-4BC044FD8C83}.Release|Any CPU.ActiveCfg = Release|Any CPU
		{3F29374F-1FE5-65FE-9B4F-4BC044FD8C83}.Release|Any CPU.Build.0 = Release|Any CPU
		{4C6D3997-E4EA-A1A2-E6F1-D3E754A9828C}.Debug|Any CPU.ActiveCfg = Debug|Any CPU
		{4C6D3997-E4EA-A1A2-E6F1-D3E754A9828C}.Debug|Any CPU.Build.0 = Debug|Any CPU
		{4C6D3997-E4EA-A1A2-E6F1-D3E754A9828C}.Release|Any CPU.ActiveCfg = Release|Any CPU
		{4C6D3997-E4EA-A1A2-E6F1-D3E754A9828C}.Release|Any CPU.Build.0 = Release|Any CPU
		{33A333DD-D068-182C-C0DA-5DAD1E8F49FD}.Debug|Any CPU.ActiveCfg = Debug|Any CPU
		{33A333DD-D068-182C-C0DA-5DAD1E8F49FD}.Debug|Any CPU.Build.0 = Debug|Any CPU
		{33A333DD-D068-182C-C0DA-5DAD1E8F49FD}.Release|Any CPU.ActiveCfg = Release|Any CPU
		{33A333DD-D068-182C-C0DA-5DAD1E8F49FD}.Release|Any CPU.Build.0 = Release|Any CPU
	EndGlobalSection
	GlobalSection(SolutionProperties) = preSolution
		HideSolutionNode = FALSE
	EndGlobalSection
																																																																																																				GlobalSection(MonoDevelopProperties) = preSolution
		StartupItem = Assembly-CSharp.csproj
		Policies = $0
		$0.TextStylePolicy = $1
		$1.inheritsSet = null
		$1.scope = text/x-csharp
		$0.CSharpFormattingPolicy = $2
		$2.inheritsSet = Mono
		$2.inheritsScope = text/x-csharp
		$2.scope = text/x-csharp
		$0.TextStylePolicy = $3
		$3.FileWidth = 120
		$3.TabWidth = 4
		$3.EolMarker = Unix
		$3.inheritsSet = Mono
		$3.inheritsScope = text/plain
		$3.scope = text/plain
	EndGlobalSection
																																																											GlobalSection(MonoDevelopProperties) = preSolution
		StartupItem = Assembly-CSharp.csproj
		Policies = $0
		$0.TextStylePolicy = $1
		$1.inheritsSet = null
		$1.scope = text/x-csharp
		$0.CSharpFormattingPolicy = $2
		$2.inheritsSet = Mono
		$2.inheritsScope = text/x-csharp
		$2.scope = text/x-csharp
		$0.TextStylePolicy = $3
		$3.FileWidth = 120
		$3.TabWidth = 4
		$3.EolMarker = Unix
		$3.inheritsSet = Mono
		$3.inheritsScope = text/plain
		$3.scope = text/plain
	EndGlobalSection

EndGlobal
